# This file is autogenerated, do not edit; changes may be undone by the next 'dep ensure'.


[[projects]]
  name = "github.com/Microsoft/go-winio"
  packages = ["."]
  revision = "f3b1913901892ada21d52d0cffe1d4c7080d36b7"
  version = "v0.3.9"

[[projects]]
  name = "github.com/Sirupsen/logrus"
  packages = ["."]
  revision = "5b60b3d3ee017ed00bcd0225fcca7acab767844b"

[[projects]]
  branch = "master"
  name = "github.com/aandryashin/matchers"
  packages = [".","httpresp"]
  revision = "435295ea180e58dbfa526db1ebab8c801b4c2b75"

[[projects]]
  name = "github.com/docker/distribution"
  packages = ["digestset","reference"]
  revision = "ce936a85915a55418ea62dc32a0a1274f2740104"

[[projects]]
  name = "github.com/docker/docker"
  packages = ["api","api/types","api/types/blkiodev","api/types/container","api/types/events","api/types/filters","api/types/image","api/types/mount","api/types/network","api/types/registry","api/types/strslice","api/types/swarm","api/types/time","api/types/versions","api/types/volume","client","pkg/ioutils","pkg/longpath","pkg/system","pkg/tlsconfig"]
  revision = "7ca86796c94c7ae0c62680ac664f97ab5f35ebec"

[[projects]]
  name = "github.com/docker/go-connections"
  packages = ["nat","sockets","tlsconfig"]
  revision = "e15c02316c12de00874640cd76311849de2aeed5"

[[projects]]
  name = "github.com/docker/go-units"
  packages = ["."]
  revision = "0dadbb0345b35ec7ef35e228dabb8de89a65bf52"
  version = "v0.3.2"

[[projects]]
  branch = "master"
  name = "github.com/docker/libtrust"
  packages = ["."]
  revision = "aabc10ec26b754e797f9028f4589c5b7bd90dc20"

[[projects]]
  name = "github.com/opencontainers/go-digest"
  packages = ["."]
  revision = "aa2ec055abd10d26d539eb630a92241b781ce4bc"
  version = "v1.0.0-rc0"

[[projects]]
  name = "github.com/pborman/uuid"
  packages = ["."]
  revision = "1b00554d822231195d1babd97ff4a781231955c9"

[[projects]]
  name = "github.com/pkg/errors"
  packages = ["."]
  revision = "c605e284fe17294bda444b34710735b29d1a9d90"

[[projects]]
  name = "golang.org/x/net"
  packages = ["context","context/ctxhttp","proxy","websocket"]
  revision = "feeb485667d1fdabe727840fe00adc22431bc86e"

[[projects]]
  name = "golang.org/x/sys"
  packages = ["unix","windows"]
  revision = "9ccfe848b9db8435a24c424abbc07a921adf1df5"

[solve-meta]
  analyzer-name = "dep"
  analyzer-version = 1
  inputs-digest = "9e272825174ad2baae1001d72800484e2cf91454ad7efdd214ea517034500fce"
  solver-name = "gps-cdcl"
  solver-version = 1
